# THIS IS AN AUTOGENERATED FILE. DO NOT EDIT THIS FILE DIRECTLY.
# yarn lockfile v1
accepts@~1.0.7:
  version "1.0.7"
  resolved "http://registry.npm.taobao.org/accepts/download/accepts-1.0.7.tgz#5b501fb4f0704309964ccdb048172541208dab1a"
  dependencies:
    mime-types "~1.0.0"
    negotiator "0.4.7"

anywhere:
  version "1.4.0"
  resolved "http://registry.npm.taobao.org/anywhere/download/anywhere-1.4.0.tgz#e96e434d0c476b82e1c604765a81d900a276b311"
  dependencies:
    connect "3.1.1"
    connect-history-api-fallback "^1.2.0"
    debug "^2.2.0"
    minimist "~0.1.0"
    serve-index "1.2.0"
    serve-static "1.5.3"

batch@0.5.1:
  version "0.5.1"
  resolved "http://registry.npm.taobao.org/batch/download/batch-0.5.1.tgz#36a4bab594c050fd7b507bca0db30c2d92af4ff2"

connect-history-api-fallback@^1.2.0:
  version "1.3.0"
  resolved "http://registry.npm.taobao.org/connect-history-api-fallback/download/connect-history-api-fallback-1.3.0.tgz#e51d17f8f0ef0db90a64fdb47de3051556e9f169"

connect@3.1.1:
  version "3.1.1"
  resolved "http://registry.npm.taobao.org/connect/download/connect-3.1.1.tgz#a73e2449c3efc2dfd1661865977a09184d120196"
  dependencies:
    debug "1.0.4"
    finalhandler "0.1.0"
    parseurl "~1.3.0"
    utils-merge "1.0.0"

debug@^2.2.0:
  version "2.6.8"
  resolved "http://registry.npm.taobao.org/debug/download/debug-2.6.8.tgz#e731531ca2ede27d188222427da17821d68ff4fc"
  dependencies:
    ms "2.0.0"

debug@1.0.4:
  version "1.0.4"
  resolved "http://registry.npm.taobao.org/debug/download/debug-1.0.4.tgz#5b9c256bd54b6ec02283176fa8a0ede6d154cbf8"
  dependencies:
    ms "0.6.2"

depd@0.4.4:
  version "0.4.4"
  resolved "http://registry.npm.taobao.org/depd/download/depd-0.4.4.tgz#07091fae75f97828d89b4a02a2d4778f0e7c0662"

destroy@1.0.3:
  version "1.0.3"
  resolved "http://registry.npm.taobao.org/destroy/download/destroy-1.0.3.tgz#b433b4724e71fd8551d9885174851c5fc377e2c9"

ee-first@1.0.5:
  version "1.0.5"
  resolved "http://registry.npm.taobao.org/ee-first/download/ee-first-1.0.5.tgz#8c9b212898d8cd9f1a9436650ce7be202c9e9ff0"

escape-html@1.0.1:
  version "1.0.1"
  resolved "http://registry.npm.taobao.org/escape-html/download/escape-html-1.0.1.tgz#181a286ead397a39a92857cfb1d43052e356bff0"

finalhandler@0.1.0:
  version "0.1.0"
  resolved "http://registry.npm.taobao.org/finalhandler/download/finalhandler-0.1.0.tgz#da05bbc4f5f4a30c84ce1d91f3c154007c4e9daa"
  dependencies:
    debug "1.0.4"
    escape-html "1.0.1"

fresh@0.2.2:
  version "0.2.2"
  resolved "http://registry.npm.taobao.org/fresh/download/fresh-0.2.2.tgz#9731dcf5678c7faeb44fb903c4f72df55187fa77"

mime-types@~1.0.0:
  version "1.0.2"
  resolved "http://registry.npm.taobao.org/mime-types/download/mime-types-1.0.2.tgz#995ae1392ab8affcbfcb2641dd054e943c0d5dce"

mime@1.2.11:
  version "1.2.11"
  resolved "http://registry.npm.taobao.org/mime/download/mime-1.2.11.tgz#58203eed86e3a5ef17aed2b7d9ebd47f0a60dd10"

minimist@~0.1.0:
  version "0.1.0"
  resolved "http://registry.npm.taobao.org/minimist/download/minimist-0.1.0.tgz#99df657a52574c21c9057497df742790b2b4c0de"

ms@0.6.2:
  version "0.6.2"
  resolved "http://registry.npm.taobao.org/ms/download/ms-0.6.2.tgz#d89c2124c6fdc1353d65a8b77bf1aac4b193708c"

ms@2.0.0:
  version "2.0.0"
  resolved "http://registry.npm.taobao.org/ms/download/ms-2.0.0.tgz#5608aeadfc00be6c2901df5f9861788de0d597c8"

negotiator@0.4.7:
  version "0.4.7"
  resolved "http://registry.npm.taobao.org/negotiator/download/negotiator-0.4.7.tgz#a4160f7177ec806738631d0d3052325da42abdc8"

on-finished@2.1.0:
  version "2.1.0"
  resolved "http://registry.npm.taobao.org/on-finished/download/on-finished-2.1.0.tgz#0c539f09291e8ffadde0c8a25850fb2cedc7022d"
  dependencies:
    ee-first "1.0.5"

parseurl@~1.3.0:
  version "1.3.2"
  resolved "http://registry.npm.taobao.org/parseurl/download/parseurl-1.3.2.tgz#fc289d4ed8993119460c156253262cdc8de65bf3"

range-parser@~1.0.0:
  version "1.0.3"
  resolved "http://registry.npm.taobao.org/range-parser/download/range-parser-1.0.3.tgz#6872823535c692e2c2a0103826afd82c2e0ff175"

send@0.8.3:
  version "0.8.3"
  resolved "http://registry.npm.taobao.org/send/download/send-0.8.3.tgz#593886004fcb968a1b5727814a32b388b3b99083"
  dependencies:
    debug "1.0.4"
    depd "0.4.4"
    destroy "1.0.3"
    escape-html "1.0.1"
    fresh "0.2.2"
    mime "1.2.11"
    ms "0.6.2"
    on-finished "2.1.0"
    range-parser "~1.0.0"

serve-index@1.2.0:
  version "1.2.0"
  resolved "http://registry.npm.taobao.org/serve-index/download/serve-index-1.2.0.tgz#8a4584e9334cee996a129d510a43e9acb4f20c27"
  dependencies:
    accepts "~1.0.7"
    batch "0.5.1"
    debug "1.0.4"
    parseurl "~1.3.0"

serve-static@1.5.3:
  version "1.5.3"
  resolved "http://registry.npm.taobao.org/serve-static/download/serve-static-1.5.3.tgz#2e28efa5899686fd3ccdb97a80aa464002244581"
  dependencies:
    escape-html "1.0.1"
    parseurl "~1.3.0"
    send "0.8.3"
    utils-merge "1.0.0"

utils-merge@1.0.0:
  version "1.0.0"
  resolved "http://registry.npm.taobao.org/utils-merge/download/utils-merge-1.0.0.tgz#0294fb922bb9375153541c4f7096231f287c8af8"

